// !$*UTF8*$!
{
	archiveVersion = 1;
	classes = {
	};
	objectVersion = 52;
	objects = {

/* Begin PBXBuildFile section */
		4086EB0924DBC38500395661 /* AppDelegate.swift in Sources */ = {isa = PBXBuildFile; fileRef = 4086EB0824DBC38500395661 /* AppDelegate.swift */; };
		4086EB0B24DBC38500395661 /* SceneDelegate.swift in Sources */ = {isa = PBXBuildFile; fileRef = 4086EB0A24DBC38500395661 /* SceneDelegate.swift */; };
		4086EB0D24DBC38500395661 /* ContentView.swift in Sources */ = {isa = PBXBuildFile; fileRef = 4086EB0C24DBC38500395661 /* ContentView.swift */; };
		4086EB1224DBC38A00395661 /* Preview Assets.xcassets in Resources */ = {isa = PBXBuildFile; fileRef = 4086EB1124DBC38A00395661 /* Preview Assets.xcassets */; };
		4086EB1E24DBC3B700395661 /* Neumorphic in Frameworks */ = {isa = PBXBuildFile; productRef = 4086EB1D24DBC3B700395661 /* Neumorphic */; };
		4086EB2324DBC41900395661 /* ColorPickerView.swift in Sources */ = {isa = PBXBuildFile; fileRef = 4086EB2124DBC41900395661 /* ColorPickerView.swift */; };
		4086EB2424DBC41900395661 /* SliderView.swift in Sources */ = {isa = PBXBuildFile; fileRef = 4086EB2224DBC41900395661 /* SliderView.swift */; };
		4086EB2624DBC47C00395661 /* LaunchScreen.storyboard in Resources */ = {isa = PBXBuildFile; fileRef = 4086EB2524DBC47C00395661 /* LaunchScreen.storyboard */; };
		4086EB2824DBC49500395661 /* Assets.xcassets in Resources */ = {isa = PBXBuildFile; fileRef = 4086EB2724DBC49500395661 /* Assets.xcassets */; };
/* End PBXBuildFile section */

/* Begin PBXFileReference section */
		4086EB0524DBC38500395661 /* ColorPicker.app */ = {isa = PBXFileReference; explicitFileType = wrapper.application; includeInIndex = 0; path = ColorPicker.app; sourceTree = BUILT_PRODUCTS_DIR; };
		4086EB0824DBC38500395661 /* AppDelegate.swift */ = {isa = PBXFileReference; lastKnownFileType = sourcecode.swift; path = AppDelegate.swift; sourceTree = "<group>"; };
		4086EB0A24DBC38500395661 /* SceneDelegate.swift */ = {isa = PBXFileReference; lastKnownFileType = sourcecode.swift; path = SceneDelegate.swift; sourceTree = "<group>"; };
		4086EB0C24DBC38500395661 /* ContentView.swift */ = {isa = PBXFileReference; lastKnownFileType = sourcecode.swift; path = ContentView.swift; sourceTree = "<group>"; };
		4086EB1124DBC38A00395661 /* Preview Assets.xcassets */ = {isa = PBXFileReference; lastKnownFileType = folder.assetcatalog; path = "Preview Assets.xcassets"; sourceTree = "<group>"; };
		4086EB1624DBC38A00395661 /* Info.plist */ = {isa = PBXFileReference; lastKnownFileType = text.plist.xml; path = Info.plist; sourceTree = "<group>"; };
		4086EB2124DBC41900395661 /* ColorPickerView.swift */ = {isa = PBXFileReference; fileEncoding = 4; lastKnownFileType = sourcecode.swift; path = ColorPickerView.swift; sourceTree = "<group>"; };
		4086EB2224DBC41900395661 /* SliderView.swift */ = {isa = PBXFileReference; fileEncoding = 4; lastKnownFileType = sourcecode.swift; path = SliderView.swift; sourceTree = "<group>"; };
		4086EB2524DBC47C00395661 /* LaunchScreen.storyboard */ = {isa = PBXFileReference; fileEncoding = 4; lastKnownFileType = file.storyboard; path = LaunchScreen.storyboard; sourceTree = "<group>"; };
		4086EB2724DBC49500395661 /* Assets.xcassets */ = {isa = PBXFileReference; lastKnownFileType = folder.assetcatalog; path = Assets.xcassets; sourceTree = "<group>"; };
/* End PBXFileReference section */

/* Begin PBXFrameworksBuildPhase section */
		4086EB0224DBC38500395661 /* Frameworks */ = {
			isa = PBXFrameworksBuildPhase;
			buildActionMask = 2147483647;
			files = (
				4086EB1E24DBC3B700395661 /* Neumorphic in Frameworks */,
			);
			runOnlyForDeploymentPostprocessing = 0;
		};
/* End PBXFrameworksBuildPhase section */

/* Begin PBXGroup section */
		4086EAFC24DBC38500395661 = {
			isa = PBXGroup;
			children = (
				4086EB0724DBC38500395661 /* ColorPicker */,
				4086EB0624DBC38500395661 /* Products */,
			);
			sourceTree = "<group>";
		};
		4086EB0624DBC38500395661 /* Products */ = {
			isa = PBXGroup;
			children = (
				4086EB0524DBC38500395661 /* ColorPicker.app */,
			);
			name = Products;
			sourceTree = "<group>";
		};
		4086EB0724DBC38500395661 /* ColorPicker */ = {
			isa = PBXGroup;
			children = (
				4086EB1F24DBC3D400395661 /* Delegates */,
				4086EB0C24DBC38500395661 /* ContentView.swift */,
				4086EB2024DBC41900395661 /* View */,
				4086EB2724DBC49500395661 /* Assets.xcassets */,
				4086EB2524DBC47C00395661 /* LaunchScreen.storyboard */,
				4086EB1624DBC38A00395661 /* Info.plist */,
				4086EB1024DBC38A00395661 /* Preview Content */,
			);
			path = ColorPicker;
			sourceTree = "<group>";
		};
		4086EB1024DBC38A00395661 /* Preview Content */ = {
			isa = PBXGroup;
			children = (
				4086EB1124DBC38A00395661 /* Preview Assets.xcassets */,
			);
			path = "Preview Content";
			sourceTree = "<group>";
		};
		4086EB1F24DBC3D400395661 /* Delegates */ = {
			isa = PBXGroup;
			children = (
				4086EB0824DBC38500395661 /* AppDelegate.swift */,
				4086EB0A24DBC38500395661 /* SceneDelegate.swift */,
			);
			path = Delegates;
			sourceTree = "<group>";
		};
		4086EB2024DBC41900395661 /* View */ = {
			isa = PBXGroup;
			children = (
				4086EB2124DBC41900395661 /* ColorPickerView.swift */,
				4086EB2224DBC41900395661 /* SliderView.swift */,
			);
			path = View;
			sourceTree = "<group>";
		};
/* End PBXGroup section */

/* Begin PBXNativeTarget section */
		4086EB0424DBC38500395661 /* ColorPicker */ = {
			isa = PBXNativeTarget;
			buildConfigurationList = 4086EB1924DBC38A00395661 /* Build configuration list for PBXNativeTarget "ColorPicker" */;
			buildPhases = (
				4086EB0124DBC38500395661 /* Sources */,
				4086EB0224DBC38500395661 /* Frameworks */,
				4086EB0324DBC38500395661 /* Resources */,
			);
			buildRules = (
			);
			dependencies = (
			);
			name = ColorPicker;
			packageProductDependencies = (
				4086EB1D24DBC3B700395661 /* Neumorphic */,
			);
			productName = ColorPicker;
			productReference = 4086EB0524DBC38500395661 /* ColorPicker.app */;
			productType = "com.apple.product-type.application";
		};
/* End PBXNativeTarget section */

/* Begin PBXProject section */
		4086EAFD24DBC38500395661 /* Project object */ = {
			isa = PBXProject;
			attributes = {
				LastSwiftUpdateCheck = 1160;
				LastUpgradeCheck = 1160;
				ORGANIZATIONNAME = "Sheikh Bayazid";
				TargetAttributes = {
					4086EB0424DBC38500395661 = {
						CreatedOnToolsVersion = 11.6;
					};
				};
			};
			buildConfigurationList = 4086EB0024DBC38500395661 /* Build configuration list for PBXProject "ColorPicker" */;
			compatibilityVersion = "Xcode 9.3";
			developmentRegion = en;
			hasScannedForEncodings = 0;
			knownRegions = (
				en,
				Base,
			);
			mainGroup = 4086EAFC24DBC38500395661;
			packageReferences = (
				4086EB1C24DBC3B700395661 /* XCRemoteSwiftPackageReference "neumorphic" */,
			);
			productRefGroup = 4086EB0624DBC38500395661 /* Products */;
			projectDirPath = "";
			projectRoot = "";
			targets = (
				4086EB0424DBC38500395661 /* ColorPicker */,
			);
		};
/* End PBXProject section */

/* Begin PBXResourcesBuildPhase section */
		4086EB0324DBC38500395661 /* Resources */ = {
			isa = PBXResourcesBuildPhase;
			buildActionMask = 2147483647;
			files = (
				4086EB2624DBC47C00395661 /* LaunchScreen.storyboard in Resources */,
				4086EB1224DBC38A00395661 /* Preview Assets.xcassets in Resources */,
				4086EB2824DBC49500395661 /* Assets.xcassets in Resources */,
			);
			runOnlyForDeploymentPostprocessing = 0;
		};
/* End PBXResourcesBuildPhase section */

/* Begin PBXSourcesBuildPhase section */
		4086EB0124DBC38500395661 /* Sources */ = {
			isa = PBXSourcesBuildPhase;
			buildActionMask = 2147483647;
			files = (
				4086EB2324DBC41900395661 /* ColorPickerView.swift in Sources */,
				4086EB0924DBC38500395661 /* AppDelegate.swift in Sources */,
				4086EB0B24DBC38500395661 /* SceneDelegate.swift in Sources */,
				4086EB0D24DBC38500395661 /* ContentView.swift in Sources */,
				4086EB2424DBC41900395661 /* SliderView.swift in Sources */,
			);
			runOnlyForDeploymentPostprocessing = 0;
		};
/* End PBXSourcesBuildPhase section */

/* Begin XCBuildConfiguration section */
		4086EB1724DBC38A00395661 /* Debug */ = {
			isa = XCBuildConfiguration;
			buildSettings = {
				ALWAYS_SEARCH_USER_PATHS = NO;
				CLANG_ANALYZER_NONNULL = YES;
				CLANG_ANALYZER_NUMBER_OBJECT_CONVERSION = YES_AGGRESSIVE;
				CLANG_CXX_LANGUAGE_STANDARD = "gnu++14";
				CLANG_CXX_LIBRARY = "libc++";
				CLANG_ENABLE_MODULES = YES;
				CLANG_ENABLE_OBJC_ARC = YES;
				CLANG_ENABLE_OBJC_WEAK = YES;
				CLANG_WARN_BLOCK_CAPTURE_AUTORELEASING = YES;
				CLANG_WARN_BOOL_CONVERSION = YES;
				CLANG_WARN_COMMA = YES;
				CLANG_WARN_CONSTANT_CONVERSION = YES;
				CLANG_WARN_DEPRECATED_OBJC_IMPLEMENTATIONS = YES;
				CLANG_WARN_DIRECT_OBJC_ISA_USAGE = YES_ERROR;
				CLANG_WARN_DOCUMENTATION_COMMENTS = YES;
				CLANG_WARN_EMPTY_BODY = YES;
				CLANG_WARN_ENUM_CONVERSION = YES;
				CLANG_WARN_INFINITE_RECURSION = YES;
				CLANG_WARN_INT_CONVERSION = YES;
				CLANG_WARN_NON_LITERAL_NULL_CONVERSION = YES;
				CLANG_WARN_OBJC_IMPLICIT_RETAIN_SELF = YES;
				CLANG_WARN_OBJC_LITERAL_CONVERSION = YES;
				CLANG_WARN_OBJC_ROOT_CLASS = YES_ERROR;
				CLANG_WARN_RANGE_LOOP_ANALYSIS = YES;
				CLANG_WARN_STRICT_PROTOTYPES = YES;
				CLANG_WARN_SUSPICIOUS_MOVE = YES;
				CLANG_WARN_UNGUARDED_AVAILABILITY = YES_AGGRESSIVE;
				CLANG_WARN_UNREACHABLE_CODE = YES;
				CLANG_WARN__DUPLICATE_METHOD_MATCH = YES;
				COPY_PHASE_STRIP = NO;
				DEBUG_INFORMATION_FORMAT = dwarf;
				ENABLE_STRICT_OBJC_MSGSEND = YES;
				ENABLE_TESTABILITY = YES;
				GCC_C_LANGUAGE_STANDARD = gnu11;
				GCC_DYNAMIC_NO_PIC = NO;
				GCC_NO_COMMON_BLOCKS = YES;
				GCC_OPTIMIZATION_LEVEL = 0;
				GCC_PREPROCESSOR_DEFINITIONS = (
					"DEBUG=1",
					"$(inherited)",
				);
				GCC_WARN_64_TO_32_BIT_CONVERSION = YES;
				GCC_WARN_ABOUT_RETURN_TYPE = YES_ERROR;
				GCC_WARN_UNDECLARED_SELECTOR = YES;
				GCC_WARN_UNINITIALIZED_AUTOS = YES_AGGRESSIVE;
				GCC_WARN_UNUSED_FUNCTION = YES;
				GCC_WARN_UNUSED_VARIABLE = YES;
				IPHONEOS_DEPLOYMENT_TARGET = 13.6;
				MTL_ENABLE_DEBUG_INFO = INCLUDE_SOURCE;
				MTL_FAST_MATH = YES;
				ONLY_ACTIVE_ARCH = YES;
				SDKROOT = iphoneos;
				SWIFT_ACTIVE_COMPILATION_CONDITIONS = DEBUG;
				SWIFT_OPTIMIZATION_LEVEL = "-Onone";
			};
			name = Debug;
		};
		4086EB1824DBC38A00395661 /* Release */ = {
			isa = XCBuildConfiguration;
			buildSettings = {
				ALWAYS_SEARCH_USER_PATHS = NO;
				CLANG_ANALYZER_NONNULL = YES;
				CLANG_ANALYZER_NUMBER_OBJECT_CONVERSION = YES_AGGRESSIVE;
				CLANG_CXX_LANGUAGE_STANDARD = "gnu++14";
				CLANG_CXX_LIBRARY = "libc++";
				CLANG_ENABLE_MODULES = YES;
				CLANG_ENABLE_OBJC_ARC = YES;
				CLANG_ENABLE_OBJC_WEAK = YES;
				CLANG_WARN_BLOCK_CAPTURE_AUTORELEASING = YES;
				CLANG_WARN_BOOL_CONVERSION = YES;
				CLANG_WARN_COMMA = YES;
				CLANG_WARN_CONSTANT_CONVERSION = YES;
				CLANG_WARN_DEPRECATED_OBJC_IMPLEMENTATIONS = YES;
				CLANG_WARN_DIRECT_OBJC_ISA_USAGE = YES_ERROR;
				CLANG_WARN_DOCUMENTATION_COMMENTS = YES;
				CLANG_WARN_EMPTY_BODY = YES;
				CLANG_WARN_ENUM_CONVERSION = YES;
				CLANG_WARN_INFINITE_RECURSION = YES;
				CLANG_WARN_INT_CONVERSION = YES;
				CLANG_WARN_NON_LITERAL_NULL_CONVERSION = YES;
				CLANG_WARN_OBJC_IMPLICIT_RETAIN_SELF = YES;
				CLANG_WARN_OBJC_LITERAL_CONVERSION = YES;
				CLANG_WARN_OBJC_ROOT_CLASS = YES_ERROR;
				CLANG_WARN_RANGE_LOOP_ANALYSIS = YES;
				CLANG_WARN_STRICT_PROTOTYPES = YES;
				CLANG_WARN_SUSPICIOUS_MOVE = YES;
				CLANG_WARN_UNGUARDED_AVAILABILITY = YES_AGGRESSIVE;
				CLANG_WARN_UNREACHABLE_CODE = YES;
				CLANG_WARN__DUPLICATE_METHOD_MATCH = YES;
				COPY_PHASE_STRIP = NO;
				DEBUG_INFORMATION_FORMAT = "dwarf-with-dsym";
				ENABLE_NS_ASSERTIONS = NO;
				ENABLE_STRICT_OBJC_MSGSEND = YES;
				GCC_C_LANGUAGE_STANDARD = gnu11;
				GCC_NO_COMMON_BLOCKS = YES;
				GCC_WARN_64_TO_32_BIT_CONVERSION = YES;
				GCC_WARN_ABOUT_RETURN_TYPE = YES_ERROR;
				GCC_WARN_UNDECLARED_SELECTOR = YES;
				GCC_WARN_UNINITIALIZED_AUTOS = YES_AGGRESSIVE;
				GCC_WARN_UNUSED_FUNCTION = YES;
				GCC_WARN_UNUSED_VARIABLE = YES;
				IPHONEOS_DEPLOYMENT_TARGET = 13.6;
				MTL_ENABLE_DEBUG_INFO = NO;
				MTL_FAST_MATH = YES;
				SDKROOT = iphoneos;
				SWIFT_COMPILATION_MODE = wholemodule;
				SWIFT_OPTIMIZATION_LEVEL = "-O";
				VALIDATE_PRODUCT = YES;
			};
			name = Release;
		};
		4086EB1A24DBC38A00395661 /* Debug */ = {
			isa = XCBuildConfiguration;
			buildSettings = {
				ASSETCATALOG_COMPILER_APPICON_NAME = AppIcon;
				CODE_SIGN_STYLE = Automatic;
				DEVELOPMENT_ASSET_PATHS = "\"ColorPicker/Preview Content\"";
				DEVELOPMENT_TEAM = SDJDQ86DG5;
				ENABLE_PREVIEWS = YES;
				INFOPLIST_FILE = ColorPicker/Info.plist;
				LD_RUNPATH_SEARCH_PATHS = (
					"$(inherited)",
					"@executable_path/Frameworks",
				);
				PRODUCT_BUNDLE_IDENTIFIER = com.sheikhbayazid.ColorPicker;
				PRODUCT_NAME = "$(TARGET_NAME)";
				SWIFT_VERSION = 5.0;
				TARGETED_DEVICE_FAMILY = "1,2";
			};
			name = Debug;
		};
		4086EB1B24DBC38A00395661 /* Release */ = {
			isa = XCBuildConfiguration;
			buildSettings = {
				ASSETCATALOG_COMPILER_APPICON_NAME = AppIcon;
				CODE_SIGN_STYLE = Automatic;
				DEVELOPMENT_ASSET_PATHS = "\"ColorPicker/Preview Content\"";
				DEVELOPMENT_TEAM = SDJDQ86DG5;
				ENABLE_PREVIEWS = YES;
				INFOPLIST_FILE = ColorPicker/Info.plist;
				LD_RUNPATH_SEARCH_PATHS = (
					"$(inherited)",
					"@executable_path/Frameworks",
				);
				PRODUCT_BUNDLE_IDENTIFIER = com.sheikhbayazid.ColorPicker;
				PRODUCT_NAME = "$(TARGET_NAME)";
				SWIFT_VERSION = 5.0;
				TARGETED_DEVICE_FAMILY = "1,2";
			};
			name = Release;
		};
/* End XCBuildConfiguration section */

/* Begin XCConfigurationList section */
		4086EB0024DBC38500395661 /* Build configuration list for PBXProject "ColorPicker" */ = {
			isa = XCConfigurationList;
			buildConfigurations = (
				4086EB1724DBC38A00395661 /* Debug */,
				4086EB1824DBC38A00395661 /* Release */,
			);
			defaultConfigurationIsVisible = 0;
			defaultConfigurationName = Release;
		};
		4086EB1924DBC38A00395661 /* Build configuration list for PBXNativeTarget "ColorPicker" */ = {
			isa = XCConfigurationList;
			buildConfigurations = (
				4086EB1A24DBC38A00395661 /* Debug */,
				4086EB1B24DBC38A00395661 /* Release */,
			);
			defaultConfigurationIsVisible = 0;
			defaultConfigurationName = Release;
		};
/* End XCConfigurationList section */

/* Begin XCRemoteSwiftPackageReference section */
		4086EB1C24DBC3B700395661 /* XCRemoteSwiftPackageReference "neumorphic" */ = {
			isa = XCRemoteSwiftPackageReference;
			repositoryURL = "https://github.com/costachung/neumorphic.git";
			requirement = {
				kind = upToNextMajorVersion;
				minimumVersion = 1.2.0;
			};
		};
/* End XCRemoteSwiftPackageReference section */

/* Begin XCSwiftPackageProductDependency section */
		4086EB1D24DBC3B700395661 /* Neumorphic */ = {
			isa = XCSwiftPackageProductDependency;
			package = 4086EB1C24DBC3B700395661 /* XCRemoteSwiftPackageReference "neumorphic" */;
			productName = Neumorphic;
		};
/* End XCSwiftPackageProductDependency section */
	};
	rootObject = 4086EAFD24DBC38500395661 /* Project object */;
}
